// !$*UTF8*$!
{
	archiveVersion = 1;
	classes = {
	};
	objectVersion = 46;
	objects = {

/* Begin PBXBuildFile section */
		57D54A1F1F0DD61F005C2254 /* main.m in Sources */ = {isa = PBXBuildFile; fileRef = 57D54A1E1F0DD61F005C2254 /* main.m */; };
		57D54A221F0DD61F005C2254 /* AppDelegate.m in Sources */ = {isa = PBXBuildFile; fileRef = 57D54A211F0DD61F005C2254 /* AppDelegate.m */; };
		57D54A251F0DD61F005C2254 /* ViewController.m in Sources */ = {isa = PBXBuildFile; fileRef = 57D54A241F0DD61F005C2254 /* ViewController.m */; };
		57D54A281F0DD61F005C2254 /* Main.storyboard in Resources */ = {isa = PBXBuildFile; fileRef = 57D54A261F0DD61F005C2254 /* Main.storyboard */; };
		57D54A2A1F0DD61F005C2254 /* Assets.xcassets in Resources */ = {isa = PBXBuildFile; fileRef = 57D54A291F0DD61F005C2254 /* Assets.xcassets */; };
		57D54A2D1F0DD61F005C2254 /* LaunchScreen.storyboard in Resources */ = {isa = PBXBuildFile; fileRef = 57D54A2B1F0DD61F005C2254 /* LaunchScreen.storyboard */; };
/* End PBXBuildFile section */

/* Begin PBXFileReference section */
		57D54A1A1F0DD61F005C2254 /* YunXinDemo.app */ = {isa = PBXFileReference; explicitFileType = wrapper.application; includeInIndex = 0; path = YunXinDemo.app; sourceTree = BUILT_PRODUCTS_DIR; };
		57D54A1E1F0DD61F005C2254 /* main.m */ = {isa = PBXFileReference; lastKnownFileType = sourcecode.c.objc; path = main.m; sourceTree = "<group>"; };
		57D54A201F0DD61F005C2254 /* AppDelegate.h */ = {isa = PBXFileReference; lastKnownFileType = sourcecode.c.h; path = AppDelegate.h; sourceTree = "<group>"; };
		57D54A211F0DD61F005C2254 /* AppDelegate.m */ = {isa = PBXFileReference; lastKnownFileType = sourcecode.c.objc; path = AppDelegate.m; sourceTree = "<group>"; };
		57D54A231F0DD61F005C2254 /* ViewController.h */ = {isa = PBXFileReference; lastKnownFileType = sourcecode.c.h; path = ViewController.h; sourceTree = "<group>"; };
		57D54A241F0DD61F005C2254 /* ViewController.m */ = {isa = PBXFileReference; lastKnownFileType = sourcecode.c.objc; path = ViewController.m; sourceTree = "<group>"; };
		57D54A271F0DD61F005C2254 /* Base */ = {isa = PBXFileReference; lastKnownFileType = file.storyboard; name = Base; path = Base.lproj/Main.storyboard; sourceTree = "<group>"; };
		57D54A291F0DD61F005C2254 /* Assets.xcassets */ = {isa = PBXFileReference; lastKnownFileType = folder.assetcatalog; path = Assets.xcassets; sourceTree = "<group>"; };
		57D54A2C1F0DD61F005C2254 /* Base */ = {isa = PBXFileReference; lastKnownFileType = file.storyboard; name = Base; path = Base.lproj/LaunchScreen.storyboard; sourceTree = "<group>"; };
		57D54A2E1F0DD61F005C2254 /* Info.plist */ = {isa = PBXFileReference; lastKnownFileType = text.plist.xml; path = Info.plist; sourceTree = "<group>"; };
/* End PBXFileReference section */

/* Begin PBXFrameworksBuildPhase section */
		57D54A171F0DD61F005C2254 /* Frameworks */ = {
			isa = PBXFrameworksBuildPhase;
			buildActionMask = 2147483647;
			files = (
			);
			runOnlyForDeploymentPostprocessing = 0;
		};
/* End PBXFrameworksBuildPhase section */

/* Begin PBXGroup section */
		57D54A111F0DD61F005C2254 = {
			isa = PBXGroup;
			children = (
				57D54A1C1F0DD61F005C2254 /* YunXinDemo */,
				57D54A1B1F0DD61F005C2254 /* Products */,
			);
			sourceTree = "<group>";
		};
		57D54A1B1F0DD61F005C2254 /* Products */ = {
			isa = PBXGroup;
			children = (
				57D54A1A1F0DD61F005C2254 /* YunXinDemo.app */,
			);
			name = Products;
			sourceTree = "<group>";
		};
		57D54A1C1F0DD61F005C2254 /* YunXinDemo */ = {
			isa = PBXGroup;
			children = (
				57D54A201F0DD61F005C2254 /* AppDelegate.h */,
				57D54A211F0DD61F005C2254 /* AppDelegate.m */,
				57D54A231F0DD61F005C2254 /* ViewController.h */,
				57D54A241F0DD61F005C2254 /* ViewController.m */,
				57D54A261F0DD61F005C2254 /* Main.storyboard */,
				57D54A291F0DD61F005C2254 /* Assets.xcassets */,
				57D54A2B1F0DD61F005C2254 /* LaunchScreen.storyboard */,
				57D54A2E1F0DD61F005C2254 /* Info.plist */,
				57D54A1D1F0DD61F005C2254 /* Supporting Files */,
			);
			path = YunXinDemo;
			sourceTree = "<group>";
		};
		57D54A1D1F0DD61F005C2254 /* Supporting Files */ = {
			isa = PBXGroup;
			children = (
				57D54A1E1F0DD61F005C2254 /* main.m */,
			);
			name = "Supporting Files";
			sourceTree = "<group>";
		};
/* End PBXGroup section */

/* Begin PBXNativeTarget section */
		57D54A191F0DD61F005C2254 /* YunXinDemo */ = {
			isa = PBXNativeTarget;
			buildConfigurationList = 57D54A311F0DD61F005C2254 /* Build configuration list for PBXNativeTarget "YunXinDemo" */;
			buildPhases = (
				57D54A161F0DD61F005C2254 /* Sources */,
				57D54A171F0DD61F005C2254 /* Frameworks */,
				57D54A181F0DD61F005C2254 /* Resources */,
			);
			buildRules = (
			);
			dependencies = (
			);
			name = YunXinDemo;
			productName = YunXinDemo;
			productReference = 57D54A1A1F0DD61F005C2254 /* YunXinDemo.app */;
			productType = "com.apple.product-type.application";
		};
/* End PBXNativeTarget section */

/* Begin PBXProject section */
		57D54A121F0DD61F005C2254 /* Project object */ = {
			isa = PBXProject;
			attributes = {
				LastUpgradeCheck = 0830;
				ORGANIZATIONNAME = demo;
				TargetAttributes = {
					57D54A191F0DD61F005C2254 = {
						CreatedOnToolsVersion = 8.3.2;
						ProvisioningStyle = Automatic;
					};
				};
			};
			buildConfigurationList = 57D54A151F0DD61F005C2254 /* Build configuration list for PBXProject "YunXinDemo" */;
			compatibilityVersion = "Xcode 3.2";
			developmentRegion = English;
			hasScannedForEncodings = 0;
			knownRegions = (
				en,
				Base,
			);
			mainGroup = 57D54A111F0DD61F005C2254;
			productRefGroup = 57D54A1B1F0DD61F005C2254 /* Products */;
			projectDirPath = "";
			projectRoot = "";
			targets = (
				57D54A191F0DD61F005C2254 /* YunXinDemo */,
			);
		};
/* End PBXProject section */

/* Begin PBXResourcesBuildPhase section */
		57D54A181F0DD61F005C2254 /* Resources */ = {
			isa = PBXResourcesBuildPhase;
			buildActionMask = 2147483647;
			files = (
				57D54A2D1F0DD61F005C2254 /* LaunchScreen.storyboard in Resources */,
				57D54A2A1F0DD61F005C2254 /* Assets.xcassets in Resources */,
				57D54A281F0DD61F005C2254 /* Main.storyboard in Resources */,
			);
			runOnlyForDeploymentPostprocessing = 0;
		};
/* End PBXResourcesBuildPhase section */

/* Begin PBXSourcesBuildPhase section */
		57D54A161F0DD61F005C2254 /* Sources */ = {
			isa = PBXSourcesBuildPhase;
			buildActionMask = 2147483647;
			files = (
				57D54A251F0DD61F005C2254 /* ViewController.m in Sources */,
				57D54A221F0DD61F005C2254 /* AppDelegate.m in Sources */,
				57D54A1F1F0DD61F005C2254 /* main.m in Sources */,
			);
			runOnlyForDeploymentPostprocessing = 0;
		};
/* End PBXSourcesBuildPhase section */

/* Begin PBXVariantGroup section */
		57D54A261F0DD61F005C2254 /* Main.storyboard */ = {
			isa = PBXVariantGroup;
			children = (
				57D54A271F0DD61F005C2254 /* Base */,
			);
			name = Main.storyboard;
			sourceTree = "<group>";
		};
		57D54A2B1F0DD61F005C2254 /* LaunchScreen.storyboard */ = {
			isa = PBXVariantGroup;
			children = (
				57D54A2C1F0DD61F005C2254 /* Base */,
			);
			name = LaunchScreen.storyboard;
			sourceTree = "<group>";
		};
/* End PBXVariantGroup section */

/* Begin XCBuildConfiguration section */
		57D54A2F1F0DD61F005C2254 /* Debug */ = {
			isa = XCBuildConfiguration;
			buildSettings = {
				ALWAYS_SEARCH_USER_PATHS = NO;
				CLANG_ANALYZER_NONNULL = YES;
				CLANG_ANALYZER_NUMBER_OBJECT_CONVERSION = YES_AGGRESSIVE;
				CLANG_CXX_LANGUAGE_STANDARD = "gnu++0x";
				CLANG_CXX_LIBRARY = "libc++";
				CLANG_ENABLE_MODULES = YES;
				CLANG_ENABLE_OBJC_ARC = YES;
				CLANG_WARN_BOOL_CONVERSION = YES;
				CLANG_WARN_CONSTANT_CONVERSION = YES;
				CLANG_WARN_DIRECT_OBJC_ISA_USAGE = YES_ERROR;
				CLANG_WARN_DOCUMENTATION_COMMENTS = YES;
				CLANG_WARN_EMPTY_BODY = YES;
				CLANG_WARN_ENUM_CONVERSION = YES;
				CLANG_WARN_INFINITE_RECURSION = YES;
				CLANG_WARN_INT_CONVERSION = YES;
				CLANG_WARN_OBJC_ROOT_CLASS = YES_ERROR;
				CLANG_WARN_SUSPICIOUS_MOVE = YES;
				CLANG_WARN_UNREACHABLE_CODE = YES;
				CLANG_WARN__DUPLICATE_METHOD_MATCH = YES;
				"CODE_SIGN_IDENTITY[sdk=iphoneos*]" = "iPhone Developer";
				COPY_PHASE_STRIP = NO;
				DEBUG_INFORMATION_FORMAT = dwarf;
				ENABLE_STRICT_OBJC_MSGSEND = YES;
				ENABLE_TESTABILITY = YES;
				GCC_C_LANGUAGE_STANDARD = gnu99;
				GCC_DYNAMIC_NO_PIC = NO;
				GCC_NO_COMMON_BLOCKS = YES;
				GCC_OPTIMIZATION_LEVEL = 0;
				GCC_PREPROCESSOR_DEFINITIONS = (
					"DEBUG=1",
					"$(inherited)",
				);
				GCC_WARN_64_TO_32_BIT_CONVERSION = YES;
				GCC_WARN_ABOUT_RETURN_TYPE = YES_ERROR;
				GCC_WARN_UNDECLARED_SELECTOR = YES;
				GCC_WARN_UNINITIALIZED_AUTOS = YES_AGGRESSIVE;
				GCC_WARN_UNUSED_FUNCTION = YES;
				GCC_WARN_UNUSED_VARIABLE = YES;
				IPHONEOS_DEPLOYMENT_TARGET = 10.3;
				MTL_ENABLE_DEBUG_INFO = YES;
				ONLY_ACTIVE_ARCH = YES;
				SDKROOT = iphoneos;
			};
			name = Debug;
		};
		57D54A301F0DD61F005C2254 /* Release */ = {
			isa = XCBuildConfiguration;
			buildSettings = {
				ALWAYS_SEARCH_USER_PATHS = NO;
				CLANG_ANALYZER_NONNULL = YES;
				CLANG_ANALYZER_NUMBER_OBJECT_CONVERSION = YES_AGGRESSIVE;
				CLANG_CXX_LANGUAGE_STANDARD = "gnu++0x";
				CLANG_CXX_LIBRARY = "libc++";
				CLANG_ENABLE_MODULES = YES;
				CLANG_ENABLE_OBJC_ARC = YES;
				CLANG_WARN_BOOL_CONVERSION = YES;
				CLANG_WARN_CONSTANT_CONVERSION = YES;
				CLANG_WARN_DIRECT_OBJC_ISA_USAGE = YES_ERROR;
				CLANG_WARN_DOCUMENTATION_COMMENTS = YES;
				CLANG_WARN_EMPTY_BODY = YES;
				CLANG_WARN_ENUM_CONVERSION = YES;
				CLANG_WARN_INFINITE_RECURSION = YES;
				CLANG_WARN_INT_CONVERSION = YES;
				CLANG_WARN_OBJC_ROOT_CLASS = YES_ERROR;
				CLANG_WARN_SUSPICIOUS_MOVE = YES;
				CLANG_WARN_UNREACHABLE_CODE = YES;
				CLANG_WARN__DUPLICATE_METHOD_MATCH = YES;
				"CODE_SIGN_IDENTITY[sdk=iphoneos*]" = "iPhone Developer";
				COPY_PHASE_STRIP = NO;
				DEBUG_INFORMATION_FORMAT = "dwarf-with-dsym";
				ENABLE_NS_ASSERTIONS = NO;
				ENABLE_STRICT_OBJC_MSGSEND = YES;
				GCC_C_LANGUAGE_STANDARD = gnu99;
				GCC_NO_COMMON_BLOCKS = YES;
				GCC_WARN_64_TO_32_BIT_CONVERSION = YES;
				GCC_WARN_ABOUT_RETURN_TYPE = YES_ERROR;
				GCC_WARN_UNDECLARED_SELECTOR = YES;
				GCC_WARN_UNINITIALIZED_AUTOS = YES_AGGRESSIVE;
				GCC_WARN_UNUSED_FUNCTION = YES;
				GCC_WARN_UNUSED_VARIABLE = YES;
				IPHONEOS_DEPLOYMENT_TARGET = 10.3;
				MTL_ENABLE_DEBUG_INFO = NO;
				SDKROOT = iphoneos;
				VALIDATE_PRODUCT = YES;
			};
			name = Release;
		};
		57D54A321F0DD61F005C2254 /* Debug */ = {
			isa = XCBuildConfiguration;
			buildSettings = {
				ASSETCATALOG_COMPILER_APPICON_NAME = AppIcon;
				INFOPLIST_FILE = YunXinDemo/Info.plist;
				LD_RUNPATH_SEARCH_PATHS = "$(inherited) @executable_path/Frameworks";
				PRODUCT_BUNDLE_IDENTIFIER = com.other.YunXinDemo;
				PRODUCT_NAME = "$(TARGET_NAME)";
			};
			name = Debug;
		};
		57D54A331F0DD61F005C2254 /* Release */ = {
			isa = XCBuildConfiguration;
			buildSettings = {
				ASSETCATALOG_COMPILER_APPICON_NAME = AppIcon;
				INFOPLIST_FILE = YunXinDemo/Info.plist;
				LD_RUNPATH_SEARCH_PATHS = "$(inherited) @executable_path/Frameworks";
				PRODUCT_BUNDLE_IDENTIFIER = com.other.YunXinDemo;
				PRODUCT_NAME = "$(TARGET_NAME)";
			};
			name = Release;
		};
/* End XCBuildConfiguration section */

/* Begin XCConfigurationList section */
		57D54A151F0DD61F005C2254 /* Build configuration list for PBXProject "YunXinDemo" */ = {
			isa = XCConfigurationList;
			buildConfigurations = (
				57D54A2F1F0DD61F005C2254 /* Debug */,
				57D54A301F0DD61F005C2254 /* Release */,
			);
			defaultConfigurationIsVisible = 0;
			defaultConfigurationName = Release;
		};
		57D54A311F0DD61F005C2254 /* Build configuration list for PBXNativeTarget "YunXinDemo" */ = {
			isa = XCConfigurationList;
			buildConfigurations = (
				57D54A321F0DD61F005C2254 /* Debug */,
				57D54A331F0DD61F005C2254 /* Release */,
			);
			defaultConfigurationIsVisible = 0;
		};
/* End XCConfigurationList section */
	};
	rootObject = 57D54A121F0DD61F005C2254 /* Project object */;
}
